# THIS IS AN AUTOGENERATED FILE. DO NOT EDIT THIS FILE DIRECTLY.
# yarn lockfile v1


"@types/node@^14.14.2":
  version "14.14.3"
  resolved "https://registry.yarnpkg.com/@types/node/-/node-14.14.3.tgz#e1c09064121f894baaad2bd9f12ce4a41bffb274"
  integrity sha512-33/L34xS7HVUx23e0wOT2V1qPF1IrHgQccdJVm9uXGTB9vFBrrzBtkQymT8VskeKOxjz55MSqMv0xuLq+u98WQ==

net@^1.0.2:
  version "1.0.2"
  resolved "https://registry.yarnpkg.com/net/-/net-1.0.2.tgz#d1757ec9a7fb2371d83cf4755ce3e27e10829388"
  integrity sha1-0XV+yaf7I3HYPPR1XOPifhCCk4g=

readline@^1.3.0:
  version "1.3.0"
  resolved "https://registry.yarnpkg.com/readline/-/readline-1.3.0.tgz#c580d77ef2cfc8752b132498060dc9793a7ac01c"
  integrity sha1-xYDXfvLPyHUrEySYBg3JeTp6wBw=

typescript@^4.0.3:
  version "4.0.3"
  resolved "https://registry.yarnpkg.com/typescript/-/typescript-4.0.3.tgz#153bbd468ef07725c1df9c77e8b453f8d36abba5"
  integrity sha512-tEu6DGxGgRJPb/mVPIZ48e69xCn2yRmCgYmDugAVwmJ6o+0u1RI18eO7E7WBTLYLaEVVOhwQmcdhQHweux/WPg==
